// !$*UTF8*$!
{
	archiveVersion = 1;
	classes = {
	};
	objectVersion = 46;
	objects = {

/* Begin PBXBuildFile section */
		7A31D4F01B9DE42C00ABD450 /* main.m in Sources */ = {isa = PBXBuildFile; fileRef = 7A31D4EF1B9DE42C00ABD450 /* main.m */; };
		7A31D4F31B9DE42C00ABD450 /* AppDelegate.m in Sources */ = {isa = PBXBuildFile; fileRef = 7A31D4F21B9DE42C00ABD450 /* AppDelegate.m */; };
		7A31D4F61B9DE42C00ABD450 /* ViewController.m in Sources */ = {isa = PBXBuildFile; fileRef = 7A31D4F51B9DE42C00ABD450 /* ViewController.m */; };
		7A31D4F91B9DE42C00ABD450 /* Main.storyboard in Resources */ = {isa = PBXBuildFile; fileRef = 7A31D4F71B9DE42C00ABD450 /* Main.storyboard */; };
		7A31D4FB1B9DE42C00ABD450 /* Images.xcassets in Resources */ = {isa = PBXBuildFile; fileRef = 7A31D4FA1B9DE42C00ABD450 /* Images.xcassets */; };
		7A31D4FE1B9DE42C00ABD450 /* LaunchScreen.xib in Resources */ = {isa = PBXBuildFile; fileRef = 7A31D4FC1B9DE42C00ABD450 /* LaunchScreen.xib */; };
		7A31D50A1B9DE42C00ABD450 /* DependencyManagementTests.m in Sources */ = {isa = PBXBuildFile; fileRef = 7A31D5091B9DE42C00ABD450 /* DependencyManagementTests.m */; };
		7A31D51C1B9DE75D00ABD450 /* APIHandle.m in Sources */ = {isa = PBXBuildFile; fileRef = 7A31D5151B9DE75D00ABD450 /* APIHandle.m */; };
		7A31D51D1B9DE75D00ABD450 /* HotAPIHandle.m in Sources */ = {isa = PBXBuildFile; fileRef = 7A31D5191B9DE75D00ABD450 /* HotAPIHandle.m */; };
		7A31D51E1B9DE75D00ABD450 /* LatestAPIHandle.m in Sources */ = {isa = PBXBuildFile; fileRef = 7A31D51B1B9DE75D00ABD450 /* LatestAPIHandle.m */; };
		7A31D5261B9DE90B00ABD450 /* Post.m in Sources */ = {isa = PBXBuildFile; fileRef = 7A31D5251B9DE90B00ABD450 /* Post.m */; };
		7A31D52F1B9DEB7D00ABD450 /* Member.m in Sources */ = {isa = PBXBuildFile; fileRef = 7A31D52E1B9DEB7D00ABD450 /* Member.m */; };
		7A31D5331B9DEBB300ABD450 /* Node.m in Sources */ = {isa = PBXBuildFile; fileRef = 7A31D5321B9DEBB300ABD450 /* Node.m */; };
		7A355D191B9E554D00045A8E /* RootRouteHandle.m in Sources */ = {isa = PBXBuildFile; fileRef = 7A355D181B9E554D00045A8E /* RootRouteHandle.m */; };
		7A355D1E1B9E594300045A8E /* PostHelper.m in Sources */ = {isa = PBXBuildFile; fileRef = 7A355D1D1B9E594300045A8E /* PostHelper.m */; };
		7A355D241B9F307B00045A8E /* HotStoreHandle.m in Sources */ = {isa = PBXBuildFile; fileRef = 7A355D211B9F307B00045A8E /* HotStoreHandle.m */; };
		7A355D251B9F307B00045A8E /* LatestStoreHandle.m in Sources */ = {isa = PBXBuildFile; fileRef = 7A355D231B9F307B00045A8E /* LatestStoreHandle.m */; };
/* End PBXBuildFile section */

/* Begin PBXContainerItemProxy section */
		7A31D5041B9DE42C00ABD450 /* PBXContainerItemProxy */ = {
			isa = PBXContainerItemProxy;
			containerPortal = 7A31D4E21B9DE42C00ABD450 /* Project object */;
			proxyType = 1;
			remoteGlobalIDString = 7A31D4E91B9DE42C00ABD450;
			remoteInfo = DependencyManagement;
		};
/* End PBXContainerItemProxy section */

/* Begin PBXFileReference section */
		7A31D4EA1B9DE42C00ABD450 /* DependencyManagement.app */ = {isa = PBXFileReference; explicitFileType = wrapper.application; includeInIndex = 0; path = DependencyManagement.app; sourceTree = BUILT_PRODUCTS_DIR; };
		7A31D4EE1B9DE42C00ABD450 /* Info.plist */ = {isa = PBXFileReference; lastKnownFileType = text.plist.xml; path = Info.plist; sourceTree = "<group>"; };
		7A31D4EF1B9DE42C00ABD450 /* main.m */ = {isa = PBXFileReference; lastKnownFileType = sourcecode.c.objc; path = main.m; sourceTree = "<group>"; };
		7A31D4F11B9DE42C00ABD450 /* AppDelegate.h */ = {isa = PBXFileReference; lastKnownFileType = sourcecode.c.h; path = AppDelegate.h; sourceTree = "<group>"; };
		7A31D4F21B9DE42C00ABD450 /* AppDelegate.m */ = {isa = PBXFileReference; lastKnownFileType = sourcecode.c.objc; path = AppDelegate.m; sourceTree = "<group>"; };
		7A31D4F41B9DE42C00ABD450 /* ViewController.h */ = {isa = PBXFileReference; lastKnownFileType = sourcecode.c.h; path = ViewController.h; sourceTree = "<group>"; };
		7A31D4F51B9DE42C00ABD450 /* ViewController.m */ = {isa = PBXFileReference; lastKnownFileType = sourcecode.c.objc; path = ViewController.m; sourceTree = "<group>"; };
		7A31D4F81B9DE42C00ABD450 /* Base */ = {isa = PBXFileReference; lastKnownFileType = file.storyboard; name = Base; path = Base.lproj/Main.storyboard; sourceTree = "<group>"; };
		7A31D4FA1B9DE42C00ABD450 /* Images.xcassets */ = {isa = PBXFileReference; lastKnownFileType = folder.assetcatalog; path = Images.xcassets; sourceTree = "<group>"; };
		7A31D4FD1B9DE42C00ABD450 /* Base */ = {isa = PBXFileReference; lastKnownFileType = file.xib; name = Base; path = Base.lproj/LaunchScreen.xib; sourceTree = "<group>"; };
		7A31D5031B9DE42C00ABD450 /* DependencyManagementTests.xctest */ = {isa = PBXFileReference; explicitFileType = wrapper.cfbundle; includeInIndex = 0; path = DependencyManagementTests.xctest; sourceTree = BUILT_PRODUCTS_DIR; };
		7A31D5081B9DE42C00ABD450 /* Info.plist */ = {isa = PBXFileReference; lastKnownFileType = text.plist.xml; path = Info.plist; sourceTree = "<group>"; };
		7A31D5091B9DE42C00ABD450 /* DependencyManagementTests.m */ = {isa = PBXFileReference; lastKnownFileType = sourcecode.c.objc; path = DependencyManagementTests.m; sourceTree = "<group>"; };
		7A31D5131B9DE75D00ABD450 /* APICallbackInterface.h */ = {isa = PBXFileReference; fileEncoding = 4; lastKnownFileType = sourcecode.c.h; path = APICallbackInterface.h; sourceTree = "<group>"; };
		7A31D5141B9DE75D00ABD450 /* APIHandle.h */ = {isa = PBXFileReference; fileEncoding = 4; lastKnownFileType = sourcecode.c.h; path = APIHandle.h; sourceTree = "<group>"; };
		7A31D5151B9DE75D00ABD450 /* APIHandle.m */ = {isa = PBXFileReference; fileEncoding = 4; lastKnownFileType = sourcecode.c.objc; path = APIHandle.m; sourceTree = "<group>"; };
		7A31D5161B9DE75D00ABD450 /* APIInterface.h */ = {isa = PBXFileReference; fileEncoding = 4; lastKnownFileType = sourcecode.c.h; path = APIInterface.h; sourceTree = "<group>"; };
		7A31D5171B9DE75D00ABD450 /* APIParamSourceInterface.h */ = {isa = PBXFileReference; fileEncoding = 4; lastKnownFileType = sourcecode.c.h; path = APIParamSourceInterface.h; sourceTree = "<group>"; };
		7A31D5181B9DE75D00ABD450 /* HotAPIHandle.h */ = {isa = PBXFileReference; fileEncoding = 4; lastKnownFileType = sourcecode.c.h; path = HotAPIHandle.h; sourceTree = "<group>"; };
		7A31D5191B9DE75D00ABD450 /* HotAPIHandle.m */ = {isa = PBXFileReference; fileEncoding = 4; lastKnownFileType = sourcecode.c.objc; path = HotAPIHandle.m; sourceTree = "<group>"; };
		7A31D51A1B9DE75D00ABD450 /* LatestAPIHandle.h */ = {isa = PBXFileReference; fileEncoding = 4; lastKnownFileType = sourcecode.c.h; path = LatestAPIHandle.h; sourceTree = "<group>"; };
		7A31D51B1B9DE75D00ABD450 /* LatestAPIHandle.m */ = {isa = PBXFileReference; fileEncoding = 4; lastKnownFileType = sourcecode.c.objc; path = LatestAPIHandle.m; sourceTree = "<group>"; };
		7A31D5241B9DE90B00ABD450 /* Post.h */ = {isa = PBXFileReference; fileEncoding = 4; lastKnownFileType = sourcecode.c.h; path = Post.h; sourceTree = "<group>"; };
		7A31D5251B9DE90B00ABD450 /* Post.m */ = {isa = PBXFileReference; fileEncoding = 4; lastKnownFileType = sourcecode.c.objc; path = Post.m; sourceTree = "<group>"; };
		7A31D52D1B9DEB7D00ABD450 /* Member.h */ = {isa = PBXFileReference; fileEncoding = 4; lastKnownFileType = sourcecode.c.h; path = Member.h; sourceTree = "<group>"; };
		7A31D52E1B9DEB7D00ABD450 /* Member.m */ = {isa = PBXFileReference; fileEncoding = 4; lastKnownFileType = sourcecode.c.objc; path = Member.m; sourceTree = "<group>"; };
		7A31D5311B9DEBB300ABD450 /* Node.h */ = {isa = PBXFileReference; fileEncoding = 4; lastKnownFileType = sourcecode.c.h; path = Node.h; sourceTree = "<group>"; };
		7A31D5321B9DEBB300ABD450 /* Node.m */ = {isa = PBXFileReference; fileEncoding = 4; lastKnownFileType = sourcecode.c.objc; path = Node.m; sourceTree = "<group>"; };
		7A355D141B9E548000045A8E /* RouteInterface.h */ = {isa = PBXFileReference; fileEncoding = 4; lastKnownFileType = sourcecode.c.h; path = RouteInterface.h; sourceTree = "<group>"; };
		7A355D171B9E554D00045A8E /* RootRouteHandle.h */ = {isa = PBXFileReference; fileEncoding = 4; lastKnownFileType = sourcecode.c.h; path = RootRouteHandle.h; sourceTree = "<group>"; };
		7A355D181B9E554D00045A8E /* RootRouteHandle.m */ = {isa = PBXFileReference; fileEncoding = 4; lastKnownFileType = sourcecode.c.objc; path = RootRouteHandle.m; sourceTree = "<group>"; };
		7A355D1A1B9E58ED00045A8E /* PostHelperInterface.h */ = {isa = PBXFileReference; fileEncoding = 4; lastKnownFileType = sourcecode.c.h; path = PostHelperInterface.h; sourceTree = "<group>"; };
		7A355D1C1B9E594300045A8E /* PostHelper.h */ = {isa = PBXFileReference; fileEncoding = 4; lastKnownFileType = sourcecode.c.h; path = PostHelper.h; sourceTree = "<group>"; };
		7A355D1D1B9E594300045A8E /* PostHelper.m */ = {isa = PBXFileReference; fileEncoding = 4; lastKnownFileType = sourcecode.c.objc; path = PostHelper.m; sourceTree = "<group>"; };
		7A355D1F1B9E607600045A8E /* PostInterface.h */ = {isa = PBXFileReference; fileEncoding = 4; lastKnownFileType = sourcecode.c.h; path = PostInterface.h; sourceTree = "<group>"; };
		7A355D201B9F307B00045A8E /* HotStoreHandle.h */ = {isa = PBXFileReference; fileEncoding = 4; lastKnownFileType = sourcecode.c.h; path = HotStoreHandle.h; sourceTree = "<group>"; };
		7A355D211B9F307B00045A8E /* HotStoreHandle.m */ = {isa = PBXFileReference; fileEncoding = 4; lastKnownFileType = sourcecode.c.objc; path = HotStoreHandle.m; sourceTree = "<group>"; };
		7A355D221B9F307B00045A8E /* LatestStoreHandle.h */ = {isa = PBXFileReference; fileEncoding = 4; lastKnownFileType = sourcecode.c.h; path = LatestStoreHandle.h; sourceTree = "<group>"; };
		7A355D231B9F307B00045A8E /* LatestStoreHandle.m */ = {isa = PBXFileReference; fileEncoding = 4; lastKnownFileType = sourcecode.c.objc; path = LatestStoreHandle.m; sourceTree = "<group>"; };
		7A355D2C1B9F31CF00045A8E /* StoreInterface.h */ = {isa = PBXFileReference; fileEncoding = 4; lastKnownFileType = sourcecode.c.h; path = StoreInterface.h; sourceTree = "<group>"; };
/* End PBXFileReference section */

/* Begin PBXFrameworksBuildPhase section */
		7A31D4E71B9DE42C00ABD450 /* Frameworks */ = {
			isa = PBXFrameworksBuildPhase;
			buildActionMask = 2147483647;
			files = (
			);
			runOnlyForDeploymentPostprocessing = 0;
		};
		7A31D5001B9DE42C00ABD450 /* Frameworks */ = {
			isa = PBXFrameworksBuildPhase;
			buildActionMask = 2147483647;
			files = (
			);
			runOnlyForDeploymentPostprocessing = 0;
		};
/* End PBXFrameworksBuildPhase section */

/* Begin PBXGroup section */
		7A31D4E11B9DE42C00ABD450 = {
			isa = PBXGroup;
			children = (
				7A31D4EC1B9DE42C00ABD450 /* DependencyManagement */,
				7A31D5061B9DE42C00ABD450 /* DependencyManagementTests */,
				7A31D4EB1B9DE42C00ABD450 /* Products */,
			);
			sourceTree = "<group>";
		};
		7A31D4EB1B9DE42C00ABD450 /* Products */ = {
			isa = PBXGroup;
			children = (
				7A31D4EA1B9DE42C00ABD450 /* DependencyManagement.app */,
				7A31D5031B9DE42C00ABD450 /* DependencyManagementTests.xctest */,
			);
			name = Products;
			sourceTree = "<group>";
		};
		7A31D4EC1B9DE42C00ABD450 /* DependencyManagement */ = {
			isa = PBXGroup;
			children = (
				7A31D51F1B9DE76300ABD450 /* Interface */,
				7A31D5231B9DE8E400ABD450 /* Model */,
				7A355D1B1B9E591800045A8E /* PostHelper */,
				7A31D5201B9DE78800ABD450 /* APIHandle */,
				7A355D261B9F30AA00045A8E /* StoreHandle */,
				7A355D151B9E551800045A8E /* RouteHandle */,
				7A31D4F11B9DE42C00ABD450 /* AppDelegate.h */,
				7A31D4F21B9DE42C00ABD450 /* AppDelegate.m */,
				7A31D4F41B9DE42C00ABD450 /* ViewController.h */,
				7A31D4F51B9DE42C00ABD450 /* ViewController.m */,
				7A31D4FA1B9DE42C00ABD450 /* Images.xcassets */,
				7A31D4FC1B9DE42C00ABD450 /* LaunchScreen.xib */,
				7A31D4F71B9DE42C00ABD450 /* Main.storyboard */,
				7A31D4ED1B9DE42C00ABD450 /* Supporting Files */,
			);
			path = DependencyManagement;
			sourceTree = "<group>";
		};
		7A31D4ED1B9DE42C00ABD450 /* Supporting Files */ = {
			isa = PBXGroup;
			children = (
				7A31D4EE1B9DE42C00ABD450 /* Info.plist */,
				7A31D4EF1B9DE42C00ABD450 /* main.m */,
			);
			name = "Supporting Files";
			sourceTree = "<group>";
		};
		7A31D5061B9DE42C00ABD450 /* DependencyManagementTests */ = {
			isa = PBXGroup;
			children = (
				7A31D5091B9DE42C00ABD450 /* DependencyManagementTests.m */,
				7A31D5071B9DE42C00ABD450 /* Supporting Files */,
			);
			path = DependencyManagementTests;
			sourceTree = "<group>";
		};
		7A31D5071B9DE42C00ABD450 /* Supporting Files */ = {
			isa = PBXGroup;
			children = (
				7A31D5081B9DE42C00ABD450 /* Info.plist */,
			);
			name = "Supporting Files";
			sourceTree = "<group>";
		};
		7A31D51F1B9DE76300ABD450 /* Interface */ = {
			isa = PBXGroup;
			children = (
				7A355D291B9F317C00045A8E /* Model */,
				7A355D2A1B9F318600045A8E /* View */,
				7A355D2B1B9F318F00045A8E /* Controller */,
			);
			name = Interface;
			sourceTree = "<group>";
		};
		7A31D5201B9DE78800ABD450 /* APIHandle */ = {
			isa = PBXGroup;
			children = (
				7A31D5141B9DE75D00ABD450 /* APIHandle.h */,
				7A31D5151B9DE75D00ABD450 /* APIHandle.m */,
				7A31D5211B9DE7A300ABD450 /* HotAPIHandle */,
				7A31D5221B9DE7B400ABD450 /* LatestAPIHandle */,
			);
			name = APIHandle;
			sourceTree = "<group>";
		};
		7A31D5211B9DE7A300ABD450 /* HotAPIHandle */ = {
			isa = PBXGroup;
			children = (
				7A31D5181B9DE75D00ABD450 /* HotAPIHandle.h */,
				7A31D5191B9DE75D00ABD450 /* HotAPIHandle.m */,
			);
			name = HotAPIHandle;
			sourceTree = "<group>";
		};
		7A31D5221B9DE7B400ABD450 /* LatestAPIHandle */ = {
			isa = PBXGroup;
			children = (
				7A31D51A1B9DE75D00ABD450 /* LatestAPIHandle.h */,
				7A31D51B1B9DE75D00ABD450 /* LatestAPIHandle.m */,
			);
			name = LatestAPIHandle;
			sourceTree = "<group>";
		};
		7A31D5231B9DE8E400ABD450 /* Model */ = {
			isa = PBXGroup;
			children = (
				7A31D5301B9DEB9C00ABD450 /* Node */,
				7A31D52C1B9DEB5700ABD450 /* Member */,
				7A31D5271B9DE91200ABD450 /* Post */,
			);
			name = Model;
			sourceTree = "<group>";
		};
		7A31D5271B9DE91200ABD450 /* Post */ = {
			isa = PBXGroup;
			children = (
				7A31D5241B9DE90B00ABD450 /* Post.h */,
				7A31D5251B9DE90B00ABD450 /* Post.m */,
			);
			name = Post;
			sourceTree = "<group>";
		};
		7A31D52C1B9DEB5700ABD450 /* Member */ = {
			isa = PBXGroup;
			children = (
				7A31D52D1B9DEB7D00ABD450 /* Member.h */,
				7A31D52E1B9DEB7D00ABD450 /* Member.m */,
			);
			name = Member;
			sourceTree = "<group>";
		};
		7A31D5301B9DEB9C00ABD450 /* Node */ = {
			isa = PBXGroup;
			children = (
				7A31D5311B9DEBB300ABD450 /* Node.h */,
				7A31D5321B9DEBB300ABD450 /* Node.m */,
			);
			name = Node;
			sourceTree = "<group>";
		};
		7A355D151B9E551800045A8E /* RouteHandle */ = {
			isa = PBXGroup;
			children = (
				7A355D161B9E553200045A8E /* RootRouteHandle */,
			);
			name = RouteHandle;
			sourceTree = "<group>";
		};
		7A355D161B9E553200045A8E /* RootRouteHandle */ = {
			isa = PBXGroup;
			children = (
				7A355D171B9E554D00045A8E /* RootRouteHandle.h */,
				7A355D181B9E554D00045A8E /* RootRouteHandle.m */,
			);
			name = RootRouteHandle;
			sourceTree = "<group>";
		};
		7A355D1B1B9E591800045A8E /* PostHelper */ = {
			isa = PBXGroup;
			children = (
				7A355D1C1B9E594300045A8E /* PostHelper.h */,
				7A355D1D1B9E594300045A8E /* PostHelper.m */,
			);
			name = PostHelper;
			sourceTree = "<group>";
		};
		7A355D261B9F30AA00045A8E /* StoreHandle */ = {
			isa = PBXGroup;
			children = (
				7A355D271B9F30C800045A8E /* HotStoreHandle */,
				7A355D281B9F30D900045A8E /* LatestStoreHandle */,
			);
			name = StoreHandle;
			sourceTree = "<group>";
		};
		7A355D271B9F30C800045A8E /* HotStoreHandle */ = {
			isa = PBXGroup;
			children = (
				7A355D201B9F307B00045A8E /* HotStoreHandle.h */,
				7A355D211B9F307B00045A8E /* HotStoreHandle.m */,
			);
			name = HotStoreHandle;
			sourceTree = "<group>";
		};
		7A355D281B9F30D900045A8E /* LatestStoreHandle */ = {
			isa = PBXGroup;
			children = (
				7A355D221B9F307B00045A8E /* LatestStoreHandle.h */,
				7A355D231B9F307B00045A8E /* LatestStoreHandle.m */,
			);
			name = LatestStoreHandle;
			sourceTree = "<group>";
		};
		7A355D291B9F317C00045A8E /* Model */ = {
			isa = PBXGroup;
			children = (
				7A355D1F1B9E607600045A8E /* PostInterface.h */,
				7A355D1A1B9E58ED00045A8E /* PostHelperInterface.h */,
				7A31D5161B9DE75D00ABD450 /* APIInterface.h */,
				7A31D5131B9DE75D00ABD450 /* APICallbackInterface.h */,
				7A31D5171B9DE75D00ABD450 /* APIParamSourceInterface.h */,
				7A355D2C1B9F31CF00045A8E /* StoreInterface.h */,
			);
			name = Model;
			sourceTree = "<group>";
		};
		7A355D2A1B9F318600045A8E /* View */ = {
			isa = PBXGroup;
			children = (
			);
			name = View;
			sourceTree = "<group>";
		};
		7A355D2B1B9F318F00045A8E /* Controller */ = {
			isa = PBXGroup;
			children = (
				7A355D141B9E548000045A8E /* RouteInterface.h */,
			);
			name = Controller;
			sourceTree = "<group>";
		};
/* End PBXGroup section */

/* Begin PBXNativeTarget section */
		7A31D4E91B9DE42C00ABD450 /* DependencyManagement */ = {
			isa = PBXNativeTarget;
			buildConfigurationList = 7A31D50D1B9DE42C00ABD450 /* Build configuration list for PBXNativeTarget "DependencyManagement" */;
			buildPhases = (
				7A31D4E61B9DE42C00ABD450 /* Sources */,
				7A31D4E71B9DE42C00ABD450 /* Frameworks */,
				7A31D4E81B9DE42C00ABD450 /* Resources */,
			);
			buildRules = (
			);
			dependencies = (
			);
			name = DependencyManagement;
			productName = DependencyManagement;
			productReference = 7A31D4EA1B9DE42C00ABD450 /* DependencyManagement.app */;
			productType = "com.apple.product-type.application";
		};
		7A31D5021B9DE42C00ABD450 /* DependencyManagementTests */ = {
			isa = PBXNativeTarget;
			buildConfigurationList = 7A31D5101B9DE42C00ABD450 /* Build configuration list for PBXNativeTarget "DependencyManagementTests" */;
			buildPhases = (
				7A31D4FF1B9DE42C00ABD450 /* Sources */,
				7A31D5001B9DE42C00ABD450 /* Frameworks */,
				7A31D5011B9DE42C00ABD450 /* Resources */,
			);
			buildRules = (
			);
			dependencies = (
				7A31D5051B9DE42C00ABD450 /* PBXTargetDependency */,
			);
			name = DependencyManagementTests;
			productName = DependencyManagementTests;
			productReference = 7A31D5031B9DE42C00ABD450 /* DependencyManagementTests.xctest */;
			productType = "com.apple.product-type.bundle.unit-test";
		};
/* End PBXNativeTarget section */

/* Begin PBXProject section */
		7A31D4E21B9DE42C00ABD450 /* Project object */ = {
			isa = PBXProject;
			attributes = {
				LastUpgradeCheck = 0640;
				ORGANIZATIONNAME = qingqing;
				TargetAttributes = {
					7A31D4E91B9DE42C00ABD450 = {
						CreatedOnToolsVersion = 6.4;
					};
					7A31D5021B9DE42C00ABD450 = {
						CreatedOnToolsVersion = 6.4;
						TestTargetID = 7A31D4E91B9DE42C00ABD450;
					};
				};
			};
			buildConfigurationList = 7A31D4E51B9DE42C00ABD450 /* Build configuration list for PBXProject "DependencyManagement" */;
			compatibilityVersion = "Xcode 3.2";
			developmentRegion = English;
			hasScannedForEncodings = 0;
			knownRegions = (
				en,
				Base,
			);
			mainGroup = 7A31D4E11B9DE42C00ABD450;
			productRefGroup = 7A31D4EB1B9DE42C00ABD450 /* Products */;
			projectDirPath = "";
			projectRoot = "";
			targets = (
				7A31D4E91B9DE42C00ABD450 /* DependencyManagement */,
				7A31D5021B9DE42C00ABD450 /* DependencyManagementTests */,
			);
		};
/* End PBXProject section */

/* Begin PBXResourcesBuildPhase section */
		7A31D4E81B9DE42C00ABD450 /* Resources */ = {
			isa = PBXResourcesBuildPhase;
			buildActionMask = 2147483647;
			files = (
				7A31D4F91B9DE42C00ABD450 /* Main.storyboard in Resources */,
				7A31D4FE1B9DE42C00ABD450 /* LaunchScreen.xib in Resources */,
				7A31D4FB1B9DE42C00ABD450 /* Images.xcassets in Resources */,
			);
			runOnlyForDeploymentPostprocessing = 0;
		};
		7A31D5011B9DE42C00ABD450 /* Resources */ = {
			isa = PBXResourcesBuildPhase;
			buildActionMask = 2147483647;
			files = (
			);
			runOnlyForDeploymentPostprocessing = 0;
		};
/* End PBXResourcesBuildPhase section */

/* Begin PBXSourcesBuildPhase section */
		7A31D4E61B9DE42C00ABD450 /* Sources */ = {
			isa = PBXSourcesBuildPhase;
			buildActionMask = 2147483647;
			files = (
				7A31D51C1B9DE75D00ABD450 /* APIHandle.m in Sources */,
				7A31D51E1B9DE75D00ABD450 /* LatestAPIHandle.m in Sources */,
				7A355D1E1B9E594300045A8E /* PostHelper.m in Sources */,
				7A355D251B9F307B00045A8E /* LatestStoreHandle.m in Sources */,
				7A31D4F61B9DE42C00ABD450 /* ViewController.m in Sources */,
				7A31D52F1B9DEB7D00ABD450 /* Member.m in Sources */,
				7A31D5261B9DE90B00ABD450 /* Post.m in Sources */,
				7A31D5331B9DEBB300ABD450 /* Node.m in Sources */,
				7A355D241B9F307B00045A8E /* HotStoreHandle.m in Sources */,
				7A31D4F31B9DE42C00ABD450 /* AppDelegate.m in Sources */,
				7A355D191B9E554D00045A8E /* RootRouteHandle.m in Sources */,
				7A31D4F01B9DE42C00ABD450 /* main.m in Sources */,
				7A31D51D1B9DE75D00ABD450 /* HotAPIHandle.m in Sources */,
			);
			runOnlyForDeploymentPostprocessing = 0;
		};
		7A31D4FF1B9DE42C00ABD450 /* Sources */ = {
			isa = PBXSourcesBuildPhase;
			buildActionMask = 2147483647;
			files = (
				7A31D50A1B9DE42C00ABD450 /* DependencyManagementTests.m in Sources */,
			);
			runOnlyForDeploymentPostprocessing = 0;
		};
/* End PBXSourcesBuildPhase section */

/* Begin PBXTargetDependency section */
		7A31D5051B9DE42C00ABD450 /* PBXTargetDependency */ = {
			isa = PBXTargetDependency;
			target = 7A31D4E91B9DE42C00ABD450 /* DependencyManagement */;
			targetProxy = 7A31D5041B9DE42C00ABD450 /* PBXContainerItemProxy */;
		};
/* End PBXTargetDependency section */

/* Begin PBXVariantGroup section */
		7A31D4F71B9DE42C00ABD450 /* Main.storyboard */ = {
			isa = PBXVariantGroup;
			children = (
				7A31D4F81B9DE42C00ABD450 /* Base */,
			);
			name = Main.storyboard;
			sourceTree = "<group>";
		};
		7A31D4FC1B9DE42C00ABD450 /* LaunchScreen.xib */ = {
			isa = PBXVariantGroup;
			children = (
				7A31D4FD1B9DE42C00ABD450 /* Base */,
			);
			name = LaunchScreen.xib;
			sourceTree = "<group>";
		};
/* End PBXVariantGroup section */

/* Begin XCBuildConfiguration section */
		7A31D50B1B9DE42C00ABD450 /* Debug */ = {
			isa = XCBuildConfiguration;
			buildSettings = {
				ALWAYS_SEARCH_USER_PATHS = NO;
				CLANG_CXX_LANGUAGE_STANDARD = "gnu++0x";
				CLANG_CXX_LIBRARY = "libc++";
				CLANG_ENABLE_MODULES = YES;
				CLANG_ENABLE_OBJC_ARC = YES;
				CLANG_WARN_BOOL_CONVERSION = YES;
				CLANG_WARN_CONSTANT_CONVERSION = YES;
				CLANG_WARN_DIRECT_OBJC_ISA_USAGE = YES_ERROR;
				CLANG_WARN_EMPTY_BODY = YES;
				CLANG_WARN_ENUM_CONVERSION = YES;
				CLANG_WARN_INT_CONVERSION = YES;
				CLANG_WARN_OBJC_ROOT_CLASS = YES_ERROR;
				CLANG_WARN_UNREACHABLE_CODE = YES;
				CLANG_WARN__DUPLICATE_METHOD_MATCH = YES;
				"CODE_SIGN_IDENTITY[sdk=iphoneos*]" = "iPhone Developer";
				COPY_PHASE_STRIP = NO;
				DEBUG_INFORMATION_FORMAT = "dwarf-with-dsym";
				ENABLE_STRICT_OBJC_MSGSEND = YES;
				GCC_C_LANGUAGE_STANDARD = gnu99;
				GCC_DYNAMIC_NO_PIC = NO;
				GCC_NO_COMMON_BLOCKS = YES;
				GCC_OPTIMIZATION_LEVEL = 0;
				GCC_PREPROCESSOR_DEFINITIONS = (
					"DEBUG=1",
					"$(inherited)",
				);
				GCC_SYMBOLS_PRIVATE_EXTERN = NO;
				GCC_WARN_64_TO_32_BIT_CONVERSION = YES;
				GCC_WARN_ABOUT_RETURN_TYPE = YES_ERROR;
				GCC_WARN_UNDECLARED_SELECTOR = YES;
				GCC_WARN_UNINITIALIZED_AUTOS = YES_AGGRESSIVE;
				GCC_WARN_UNUSED_FUNCTION = YES;
				GCC_WARN_UNUSED_VARIABLE = YES;
				IPHONEOS_DEPLOYMENT_TARGET = 8.4;
				MTL_ENABLE_DEBUG_INFO = YES;
				ONLY_ACTIVE_ARCH = YES;
				SDKROOT = iphoneos;
			};
			name = Debug;
		};
		7A31D50C1B9DE42C00ABD450 /* Release */ = {
			isa = XCBuildConfiguration;
			buildSettings = {
				ALWAYS_SEARCH_USER_PATHS = NO;
				CLANG_CXX_LANGUAGE_STANDARD = "gnu++0x";
				CLANG_CXX_LIBRARY = "libc++";
				CLANG_ENABLE_MODULES = YES;
				CLANG_ENABLE_OBJC_ARC = YES;
				CLANG_WARN_BOOL_CONVERSION = YES;
				CLANG_WARN_CONSTANT_CONVERSION = YES;
				CLANG_WARN_DIRECT_OBJC_ISA_USAGE = YES_ERROR;
				CLANG_WARN_EMPTY_BODY = YES;
				CLANG_WARN_ENUM_CONVERSION = YES;
				CLANG_WARN_INT_CONVERSION = YES;
				CLANG_WARN_OBJC_ROOT_CLASS = YES_ERROR;
				CLANG_WARN_UNREACHABLE_CODE = YES;
				CLANG_WARN__DUPLICATE_METHOD_MATCH = YES;
				"CODE_SIGN_IDENTITY[sdk=iphoneos*]" = "iPhone Developer";
				COPY_PHASE_STRIP = NO;
				DEBUG_INFORMATION_FORMAT = "dwarf-with-dsym";
				ENABLE_NS_ASSERTIONS = NO;
				ENABLE_STRICT_OBJC_MSGSEND = YES;
				GCC_C_LANGUAGE_STANDARD = gnu99;
				GCC_NO_COMMON_BLOCKS = YES;
				GCC_WARN_64_TO_32_BIT_CONVERSION = YES;
				GCC_WARN_ABOUT_RETURN_TYPE = YES_ERROR;
				GCC_WARN_UNDECLARED_SELECTOR = YES;
				GCC_WARN_UNINITIALIZED_AUTOS = YES_AGGRESSIVE;
				GCC_WARN_UNUSED_FUNCTION = YES;
				GCC_WARN_UNUSED_VARIABLE = YES;
				IPHONEOS_DEPLOYMENT_TARGET = 8.4;
				MTL_ENABLE_DEBUG_INFO = NO;
				SDKROOT = iphoneos;
				VALIDATE_PRODUCT = YES;
			};
			name = Release;
		};
		7A31D50E1B9DE42C00ABD450 /* Debug */ = {
			isa = XCBuildConfiguration;
			buildSettings = {
				ASSETCATALOG_COMPILER_APPICON_NAME = AppIcon;
				INFOPLIST_FILE = DependencyManagement/Info.plist;
				LD_RUNPATH_SEARCH_PATHS = "$(inherited) @executable_path/Frameworks";
				PRODUCT_NAME = "$(TARGET_NAME)";
			};
			name = Debug;
		};
		7A31D50F1B9DE42C00ABD450 /* Release */ = {
			isa = XCBuildConfiguration;
			buildSettings = {
				ASSETCATALOG_COMPILER_APPICON_NAME = AppIcon;
				INFOPLIST_FILE = DependencyManagement/Info.plist;
				LD_RUNPATH_SEARCH_PATHS = "$(inherited) @executable_path/Frameworks";
				PRODUCT_NAME = "$(TARGET_NAME)";
			};
			name = Release;
		};
		7A31D5111B9DE42C00ABD450 /* Debug */ = {
			isa = XCBuildConfiguration;
			buildSettings = {
				BUNDLE_LOADER = "$(TEST_HOST)";
				FRAMEWORK_SEARCH_PATHS = (
					"$(SDKROOT)/Developer/Library/Frameworks",
					"$(inherited)",
				);
				GCC_PREPROCESSOR_DEFINITIONS = (
					"DEBUG=1",
					"$(inherited)",
				);
				INFOPLIST_FILE = DependencyManagementTests/Info.plist;
				LD_RUNPATH_SEARCH_PATHS = "$(inherited) @executable_path/Frameworks @loader_path/Frameworks";
				PRODUCT_NAME = "$(TARGET_NAME)";
				TEST_HOST = "$(BUILT_PRODUCTS_DIR)/DependencyManagement.app/DependencyManagement";
			};
			name = Debug;
		};
		7A31D5121B9DE42C00ABD450 /* Release */ = {
			isa = XCBuildConfiguration;
			buildSettings = {
				BUNDLE_LOADER = "$(TEST_HOST)";
				FRAMEWORK_SEARCH_PATHS = (
					"$(SDKROOT)/Developer/Library/Frameworks",
					"$(inherited)",
				);
				INFOPLIST_FILE = DependencyManagementTests/Info.plist;
				LD_RUNPATH_SEARCH_PATHS = "$(inherited) @executable_path/Frameworks @loader_path/Frameworks";
				PRODUCT_NAME = "$(TARGET_NAME)";
				TEST_HOST = "$(BUILT_PRODUCTS_DIR)/DependencyManagement.app/DependencyManagement";
			};
			name = Release;
		};
/* End XCBuildConfiguration section */

/* Begin XCConfigurationList section */
		7A31D4E51B9DE42C00ABD450 /* Build configuration list for PBXProject "DependencyManagement" */ = {
			isa = XCConfigurationList;
			buildConfigurations = (
				7A31D50B1B9DE42C00ABD450 /* Debug */,
				7A31D50C1B9DE42C00ABD450 /* Release */,
			);
			defaultConfigurationIsVisible = 0;
			defaultConfigurationName = Release;
		};
		7A31D50D1B9DE42C00ABD450 /* Build configuration list for PBXNativeTarget "DependencyManagement" */ = {
			isa = XCConfigurationList;
			buildConfigurations = (
				7A31D50E1B9DE42C00ABD450 /* Debug */,
				7A31D50F1B9DE42C00ABD450 /* Release */,
			);
			defaultConfigurationIsVisible = 0;
			defaultConfigurationName = Release;
		};
		7A31D5101B9DE42C00ABD450 /* Build configuration list for PBXNativeTarget "DependencyManagementTests" */ = {
			isa = XCConfigurationList;
			buildConfigurations = (
				7A31D5111B9DE42C00ABD450 /* Debug */,
				7A31D5121B9DE42C00ABD450 /* Release */,
			);
			defaultConfigurationIsVisible = 0;
			defaultConfigurationName = Release;
		};
/* End XCConfigurationList section */
	};
	rootObject = 7A31D4E21B9DE42C00ABD450 /* Project object */;
}
